
Microsoft Visual Studio Solution File, Format Version 12.00
# Visual Studio Version 17
VisualStudioVersion = 17.10.35004.147
MinimumVisualStudioVersion = 10.0.40219.1
Project("{9A19103F-16F7-4668-BE54-9A1E7A4F7556}") = "DevOpsDemo", "DevOpsDemo\DevOpsDemo.csproj", "{F60429F1-BD0C-4813-A062-B6E92D7BF98E}"
EndProject
Project("{FAE04EC0-301F-11D3-BF4B-00C04F79EFBC}") = "DevOpsDemo.Test", "DevOpsDemo.Test\DevOpsDemo.Test.csproj", "{F1C126B4-C55F-4EBC-A5E7-18A01096FFE3}"
EndProject
Global
	GlobalSection(SolutionConfigurationPlatforms) = preSolution
		Debug|Any CPU = Debug|Any CPU
		Release|Any CPU = Release|Any CPU
	EndGlobalSection
	GlobalSection(ProjectConfigurationPlatforms) = postSolution
		{F60429F1-BD0C-4813-A062-B6E92D7BF98E}.Debug|Any CPU.ActiveCfg = Debug|Any CPU
		{F60429F1-BD0C-4813-A062-B6E92D7BF98E}.Debug|Any CPU.Build.0 = Debug|Any CPU
		{F60429F1-BD0C-4813-A062-B6E92D7BF98E}.Release|Any CPU.ActiveCfg = Release|Any CPU
		{F60429F1-BD0C-4813-A062-B6E92D7BF98E}.Release|Any CPU.Build.0 = Release|Any CPU
		{F1C126B4-C55F-4EBC-A5E7-18A01096FFE3}.Debug|Any CPU.ActiveCfg = Debug|Any CPU
		{F1C126B4-C55F-4EBC-A5E7-18A01096FFE3}.Debug|Any CPU.Build.0 = Debug|Any CPU
		{F1C126B4-C55F-4EBC-A5E7-18A01096FFE3}.Release|Any CPU.ActiveCfg = Release|Any CPU
		{F1C126B4-C55F-4EBC-A5E7-18A01096FFE3}.Release|Any CPU.Build.0 = Release|Any CPU
	EndGlobalSection
	GlobalSection(SolutionProperties) = preSolution
		HideSolutionNode = FALSE
	EndGlobalSection
	GlobalSection(ExtensibilityGlobals) = postSolution
		SolutionGuid = {3C306A1F-4A1C-4D68-BE2B-8FB1334CC1C6}
	EndGlobalSection
EndGlobal
